
Microsoft Visual Studio Solution File, Format Version 12.00
# Visual Studio Version 17
VisualStudioVersion = 17.6.33815.320
MinimumVisualStudioVersion = 10.0.40219.1
Project("{FAE04EC0-301F-11D3-BF4B-00C04F79EFBC}") = "Val-Bot", "Val-Bot.csproj", "{404A4C55-BE3A-481F-B69D-813241675774}"
EndProject
Global
	GlobalSection(SolutionConfigurationPlatforms) = preSolution
		Debug|Any CPU = Debug|Any CPU
		Release|Any CPU = Release|Any CPU
	EndGlobalSection
	GlobalSection(ProjectConfigurationPlatforms) = postSolution
		{404A4C55-BE3A-481F-B69D-813241675774}.Debug|Any CPU.ActiveCfg = Debug|Any CPU
		{404A4C55-BE3A-481F-B69D-813241675774}.Debug|Any CPU.Build.0 = Debug|Any CPU
		{404A4C55-BE3A-481F-B69D-813241675774}.Release|Any CPU.ActiveCfg = Release|Any CPU
		{404A4C55-BE3A-481F-B69D-813241675774}.Release|Any CPU.Build.0 = Release|Any CPU
	EndGlobalSection
	GlobalSection(SolutionProperties) = preSolution
		HideSolutionNode = FALSE
	EndGlobalSection
	GlobalSection(ExtensibilityGlobals) = postSolution
		SolutionGuid = {C72E965D-8E68-401A-BA22-463CC3136160}
	EndGlobalSection
EndGlobal
